{
  "name": "logseq-dark-2026",
  "version": "0.0.0",
  "lockfileVersion": 3,
  "requires": true,
  "packages": {
    "": {
      "name": "logseq-dark-2026",
      "version": "0.0.0",
      "license": "MIT",
      "workspaces": [
        "packages/*"
      ]
    },
    "node_modules/logseq-dark-high-contrast-theme": {
      "resolved": "packages/dark-high-contrast",
      "link": true
    },
    "node_modules/logseq-passage": {
      "resolved": "packages/passage",
      "link": true
    },
    "packages/dark-high-contrast": {
      "name": "logseq-dark-high-contrast-theme",
      "version": "2.0.0",
      "license": "MIT"
    },
    "packages/passage": {
      "name": "logseq-passage",
      "version": "0.2.0",
      "license": "MIT"
    }
  }
}
